
Microsoft Visual Studio Solution File, Format Version 12.00
# Visual Studio Version 16
VisualStudioVersion = 16.0.31729.503
MinimumVisualStudioVersion = 10.0.40219.1
Project("{FAE04EC0-301F-11D3-BF4B-00C04F79EFBC}") = "csharp-client", "csharp-client\csharp-client.csproj", "{0F36AF77-B439-4BA1-8215-8484D5DDEE84}"
EndProject
Global
	GlobalSection(SolutionConfigurationPlatforms) = preSolution
		Debug|Any CPU = Debug|Any CPU
		Release|Any CPU = Release|Any CPU
	EndGlobalSection
	GlobalSection(ProjectConfigurationPlatforms) = postSolution
		{0F36AF77-B439-4BA1-8215-8484D5DDEE84}.Debug|Any CPU.ActiveCfg = Debug|Any CPU
		{0F36AF77-B439-4BA1-8215-8484D5DDEE84}.Debug|Any CPU.Build.0 = Debug|Any CPU
		{0F36AF77-B439-4BA1-8215-8484D5DDEE84}.Release|Any CPU.ActiveCfg = Release|Any CPU
		{0F36AF77-B439-4BA1-8215-8484D5DDEE84}.Release|Any CPU.Build.0 = Release|Any CPU
	EndGlobalSection
	GlobalSection(SolutionProperties) = preSolution
		HideSolutionNode = FALSE
	EndGlobalSection
	GlobalSection(ExtensibilityGlobals) = postSolution
		SolutionGuid = {C3BCEC2B-8195-4F2F-81BB-95BCD6E0BEF4}
	EndGlobalSection
EndGlobal
